// !$*UTF8*$!
{
	archiveVersion = 1;
	classes = {
	};
	objectVersion = 77;
	objects = {

/* Begin PBXBuildFile section */
		303982862F40C0B4002A3B55 /* CreamyItalianSausageDitalini.swift in Sources */ = {isa = PBXBuildFile; fileRef = 303982852F40C0B4002A3B55 /* CreamyItalianSausageDitalini.swift */; };
		303982882F40C3B8002A3B55 /* ChorizoSoup.swift in Sources */ = {isa = PBXBuildFile; fileRef = 303982872F40C3B8002A3B55 /* ChorizoSoup.swift */; };
		3039828A2F40C801002A3B55 /* ChorizoRiceSkillet.swift in Sources */ = {isa = PBXBuildFile; fileRef = 303982892F40C801002A3B55 /* ChorizoRiceSkillet.swift */; };
		3039828C2F40D75F002A3B55 /* ShepardsPie.swift in Sources */ = {isa = PBXBuildFile; fileRef = 3039828B2F40D75F002A3B55 /* ShepardsPie.swift */; };
		3039828E2F40D7F8002A3B55 /* CalabrianPasta.swift in Sources */ = {isa = PBXBuildFile; fileRef = 3039828D2F40D7F8002A3B55 /* CalabrianPasta.swift */; };
		303982902F4276E1002A3B55 /* MozzarellaHerbChickenAndCouscous.swift in Sources */ = {isa = PBXBuildFile; fileRef = 3039828F2F4276E1002A3B55 /* MozzarellaHerbChickenAndCouscous.swift */; };
		3043AE452D7640F900BC3EB4 /* RecipePDFView.swift in Sources */ = {isa = PBXBuildFile; fileRef = 3043AE442D7640F900BC3EB4 /* RecipePDFView.swift */; };
		30484FE12D6E58DC00EE5682 /* App.swift in Sources */ = {isa = PBXBuildFile; fileRef = 30484FE02D6E58DC00EE5682 /* App.swift */; };
		30484FE32D6E58DC00EE5682 /* EditRecipe.swift in Sources */ = {isa = PBXBuildFile; fileRef = 30484FE22D6E58DC00EE5682 /* EditRecipe.swift */; };
		30484FE52D6E58DD00EE5682 /* Assets.xcassets in Resources */ = {isa = PBXBuildFile; fileRef = 30484FE42D6E58DD00EE5682 /* Assets.xcassets */; };
		30484FF72D6E598900EE5682 /* Recipe.swift in Sources */ = {isa = PBXBuildFile; fileRef = 30484FF62D6E598900EE5682 /* Recipe.swift */; };
		30484FFF2D6F48B000EE5682 /* ImagePicker.swift in Sources */ = {isa = PBXBuildFile; fileRef = 30484FFE2D6F48B000EE5682 /* ImagePicker.swift */; };
		304852742D721C4A00EE5682 /* TextInputField.swift in Sources */ = {isa = PBXBuildFile; fileRef = 304852732D721C4A00EE5682 /* TextInputField.swift */; };
		304852802D7242AA00EE5682 /* RecipeList.swift in Sources */ = {isa = PBXBuildFile; fileRef = 3048527F2D7242AA00EE5682 /* RecipeList.swift */; };
		304852862D72558100EE5682 /* ViewRecipe.swift in Sources */ = {isa = PBXBuildFile; fileRef = 304852852D72558100EE5682 /* ViewRecipe.swift */; };
		309C11ED2F363FA900EFD143 /* HFlow.swift in Sources */ = {isa = PBXBuildFile; fileRef = 309C11EA2F363FA900EFD143 /* HFlow.swift */; };
		309C11EE2F363FA900EFD143 /* FlowLayout.swift in Sources */ = {isa = PBXBuildFile; fileRef = 309C11E42F363FA900EFD143 /* FlowLayout.swift */; };
		309C11F02F363FA900EFD143 /* LineBreaking.swift in Sources */ = {isa = PBXBuildFile; fileRef = 309C11E52F363FA900EFD143 /* LineBreaking.swift */; };
		309C11F12F363FA900EFD143 /* Size.swift in Sources */ = {isa = PBXBuildFile; fileRef = 309C11E62F363FA900EFD143 /* Size.swift */; };
		309C11F22F363FA900EFD143 /* VFlow.swift in Sources */ = {isa = PBXBuildFile; fileRef = 309C11EB2F363FA900EFD143 /* VFlow.swift */; };
		309C11F32F363FA900EFD143 /* Extensions.swift in Sources */ = {isa = PBXBuildFile; fileRef = 309C11E92F363FA900EFD143 /* Extensions.swift */; };
		30A124492F2D3D9B00AC99A0 /* FancyHeader.swift in Sources */ = {isa = PBXBuildFile; fileRef = 30A124482F2D3D9B00AC99A0 /* FancyHeader.swift */; };
		30C72AF62F4A1D3A00694B1B /* SweetSoySalmonBowl.swift in Sources */ = {isa = PBXBuildFile; fileRef = 30C72AF52F4A1D3A00694B1B /* SweetSoySalmonBowl.swift */; };
		30EF6EBE2F3A4047004DCF39 /* Section.swift in Sources */ = {isa = PBXBuildFile; fileRef = 30EF6EBD2F3A4047004DCF39 /* Section.swift */; };
		30EF6EC02F3A406B004DCF39 /* Ingredient.swift in Sources */ = {isa = PBXBuildFile; fileRef = 30EF6EBF2F3A406B004DCF39 /* Ingredient.swift */; };
		30EF6EC22F3A4080004DCF39 /* Step.swift in Sources */ = {isa = PBXBuildFile; fileRef = 30EF6EC12F3A4080004DCF39 /* Step.swift */; };
		30EF6EC42F3A874C004DCF39 /* Dashboard.swift in Sources */ = {isa = PBXBuildFile; fileRef = 30EF6EC32F3A874C004DCF39 /* Dashboard.swift */; };
		30EF6EC82F3A87E6004DCF39 /* Extension.swift in Sources */ = {isa = PBXBuildFile; fileRef = 30EF6EC72F3A87E6004DCF39 /* Extension.swift */; };
		30EF6ED02F3B79FD004DCF39 /* PalaminoSauce.swift in Sources */ = {isa = PBXBuildFile; fileRef = 30EF6ECF2F3B79FD004DCF39 /* PalaminoSauce.swift */; };
		30F6A0622F3E592C000CC7EF /* PizzaPasta.swift in Sources */ = {isa = PBXBuildFile; fileRef = 30F6A0612F3E592C000CC7EF /* PizzaPasta.swift */; };
		F1D03AF4E578DD0682021FBD /* RecipeTimerManager.swift in Sources */ = {isa = PBXBuildFile; fileRef = 8AC4B6265D0F99A654838405 /* RecipeTimerManager.swift */; };
/* End PBXBuildFile section */

/* Begin PBXFileReference section */
		302494122DAD917D00101911 /* App.entitlements */ = {isa = PBXFileReference; lastKnownFileType = text.plist.entitlements; path = App.entitlements; sourceTree = "<group>"; };
		303982852F40C0B4002A3B55 /* CreamyItalianSausageDitalini.swift */ = {isa = PBXFileReference; lastKnownFileType = sourcecode.swift; path = CreamyItalianSausageDitalini.swift; sourceTree = "<group>"; };
		303982872F40C3B8002A3B55 /* ChorizoSoup.swift */ = {isa = PBXFileReference; lastKnownFileType = sourcecode.swift; path = ChorizoSoup.swift; sourceTree = "<group>"; };
		303982892F40C801002A3B55 /* ChorizoRiceSkillet.swift */ = {isa = PBXFileReference; lastKnownFileType = sourcecode.swift; path = ChorizoRiceSkillet.swift; sourceTree = "<group>"; };
		3039828B2F40D75F002A3B55 /* ShepardsPie.swift */ = {isa = PBXFileReference; lastKnownFileType = sourcecode.swift; path = ShepardsPie.swift; sourceTree = "<group>"; };
		3039828D2F40D7F8002A3B55 /* CalabrianPasta.swift */ = {isa = PBXFileReference; lastKnownFileType = sourcecode.swift; path = CalabrianPasta.swift; sourceTree = "<group>"; };
		3039828F2F4276E1002A3B55 /* MozzarellaHerbChickenAndCouscous.swift */ = {isa = PBXFileReference; lastKnownFileType = sourcecode.swift; path = MozzarellaHerbChickenAndCouscous.swift; sourceTree = "<group>"; };
		30415C222D947531006A2135 /* Info.plist */ = {isa = PBXFileReference; lastKnownFileType = text.plist.xml; path = Info.plist; sourceTree = "<group>"; };
		3043AE442D7640F900BC3EB4 /* RecipePDFView.swift */ = {isa = PBXFileReference; lastKnownFileType = sourcecode.swift; path = RecipePDFView.swift; sourceTree = "<group>"; };
		30484FDD2D6E58DC00EE5682 /* App.app */ = {isa = PBXFileReference; explicitFileType = wrapper.application; includeInIndex = 0; path = App.app; sourceTree = BUILT_PRODUCTS_DIR; };
		30484FE02D6E58DC00EE5682 /* App.swift */ = {isa = PBXFileReference; lastKnownFileType = sourcecode.swift; path = App.swift; sourceTree = "<group>"; };
		30484FE22D6E58DC00EE5682 /* EditRecipe.swift */ = {isa = PBXFileReference; lastKnownFileType = sourcecode.swift; path = EditRecipe.swift; sourceTree = "<group>"; };
		30484FE42D6E58DD00EE5682 /* Assets.xcassets */ = {isa = PBXFileReference; lastKnownFileType = folder.assetcatalog; path = Assets.xcassets; sourceTree = "<group>"; };
		30484FF62D6E598900EE5682 /* Recipe.swift */ = {isa = PBXFileReference; lastKnownFileType = sourcecode.swift; path = Recipe.swift; sourceTree = "<group>"; };
		30484FFE2D6F48B000EE5682 /* ImagePicker.swift */ = {isa = PBXFileReference; lastKnownFileType = sourcecode.swift; path = ImagePicker.swift; sourceTree = "<group>"; };
		304852732D721C4A00EE5682 /* TextInputField.swift */ = {isa = PBXFileReference; lastKnownFileType = sourcecode.swift; path = TextInputField.swift; sourceTree = "<group>"; };
		3048527F2D7242AA00EE5682 /* RecipeList.swift */ = {isa = PBXFileReference; lastKnownFileType = sourcecode.swift; path = RecipeList.swift; sourceTree = "<group>"; };
		304852852D72558100EE5682 /* ViewRecipe.swift */ = {isa = PBXFileReference; lastKnownFileType = sourcecode.swift; path = ViewRecipe.swift; sourceTree = "<group>"; };
		309C11E42F363FA900EFD143 /* FlowLayout.swift */ = {isa = PBXFileReference; lastKnownFileType = sourcecode.swift; path = FlowLayout.swift; sourceTree = "<group>"; };
		309C11E52F363FA900EFD143 /* LineBreaking.swift */ = {isa = PBXFileReference; lastKnownFileType = sourcecode.swift; path = LineBreaking.swift; sourceTree = "<group>"; };
		309C11E62F363FA900EFD143 /* Size.swift */ = {isa = PBXFileReference; lastKnownFileType = sourcecode.swift; path = Size.swift; sourceTree = "<group>"; };
		309C11E92F363FA900EFD143 /* Extensions.swift */ = {isa = PBXFileReference; lastKnownFileType = sourcecode.swift; path = Extensions.swift; sourceTree = "<group>"; };
		309C11EA2F363FA900EFD143 /* HFlow.swift */ = {isa = PBXFileReference; lastKnownFileType = sourcecode.swift; path = HFlow.swift; sourceTree = "<group>"; };
		309C11EB2F363FA900EFD143 /* VFlow.swift */ = {isa = PBXFileReference; lastKnownFileType = sourcecode.swift; path = VFlow.swift; sourceTree = "<group>"; };
		30A124482F2D3D9B00AC99A0 /* FancyHeader.swift */ = {isa = PBXFileReference; lastKnownFileType = sourcecode.swift; path = FancyHeader.swift; sourceTree = "<group>"; };
		30C72AF52F4A1D3A00694B1B /* SweetSoySalmonBowl.swift */ = {isa = PBXFileReference; lastKnownFileType = sourcecode.swift; path = SweetSoySalmonBowl.swift; sourceTree = "<group>"; };
		30EF6EBD2F3A4047004DCF39 /* Section.swift */ = {isa = PBXFileReference; lastKnownFileType = sourcecode.swift; path = Section.swift; sourceTree = "<group>"; };
		30EF6EBF2F3A406B004DCF39 /* Ingredient.swift */ = {isa = PBXFileReference; lastKnownFileType = sourcecode.swift; path = Ingredient.swift; sourceTree = "<group>"; };
		30EF6EC12F3A4080004DCF39 /* Step.swift */ = {isa = PBXFileReference; lastKnownFileType = sourcecode.swift; path = Step.swift; sourceTree = "<group>"; };
		30EF6EC32F3A874C004DCF39 /* Dashboard.swift */ = {isa = PBXFileReference; lastKnownFileType = sourcecode.swift; path = Dashboard.swift; sourceTree = "<group>"; };
		30EF6EC72F3A87E6004DCF39 /* Extension.swift */ = {isa = PBXFileReference; lastKnownFileType = sourcecode.swift; path = Extension.swift; sourceTree = "<group>"; };
		30EF6ECF2F3B79FD004DCF39 /* PalaminoSauce.swift */ = {isa = PBXFileReference; lastKnownFileType = sourcecode.swift; path = PalaminoSauce.swift; sourceTree = "<group>"; };
		30F6A0612F3E592C000CC7EF /* PizzaPasta.swift */ = {isa = PBXFileReference; lastKnownFileType = sourcecode.swift; path = PizzaPasta.swift; sourceTree = "<group>"; };
		8AC4B6265D0F99A654838405 /* RecipeTimerManager.swift */ = {isa = PBXFileReference; lastKnownFileType = sourcecode.swift; path = RecipeTimerManager.swift; sourceTree = "<group>"; };
/* End PBXFileReference section */

/* Begin PBXFrameworksBuildPhase section */
		30484FDA2D6E58DC00EE5682 /* Frameworks */ = {
			isa = PBXFrameworksBuildPhase;
			buildActionMask = 2147483647;
			files = (
			);
			runOnlyForDeploymentPostprocessing = 0;
		};
/* End PBXFrameworksBuildPhase section */

/* Begin PBXGroup section */
		30415C162D942CB1006A2135 /* Models */ = {
			isa = PBXGroup;
			children = (
				30484FF62D6E598900EE5682 /* Recipe.swift */,
				30EF6EBD2F3A4047004DCF39 /* Section.swift */,
				30EF6EBF2F3A406B004DCF39 /* Ingredient.swift */,
				30EF6EC12F3A4080004DCF39 /* Step.swift */,
				8AC4B6265D0F99A654838405 /* RecipeTimerManager.swift */,
				30EF6ED12F3B7A0F004DCF39 /* Samples */,
			);
			path = Models;
			sourceTree = "<group>";
		};
		30415C172D942CD4006A2135 /* Views */ = {
			isa = PBXGroup;
			children = (
				309C11EC2F363FA900EFD143 /* Flow */,
				3043AE442D7640F900BC3EB4 /* RecipePDFView.swift */,
				304852732D721C4A00EE5682 /* TextInputField.swift */,
				30484FFE2D6F48B000EE5682 /* ImagePicker.swift */,
				30A124482F2D3D9B00AC99A0 /* FancyHeader.swift */,
				30EF6EC72F3A87E6004DCF39 /* Extension.swift */,
			);
			path = Views;
			sourceTree = "<group>";
		};
		30415C182D942CF4006A2135 /* Screens */ = {
			isa = PBXGroup;
			children = (
				30EF6EC32F3A874C004DCF39 /* Dashboard.swift */,
				3048527F2D7242AA00EE5682 /* RecipeList.swift */,
				304852852D72558100EE5682 /* ViewRecipe.swift */,
				30484FE22D6E58DC00EE5682 /* EditRecipe.swift */,
			);
			path = Screens;
			sourceTree = "<group>";
		};
		30484FD42D6E58DC00EE5682 = {
			isa = PBXGroup;
			children = (
				30484FEE2D6E58EA00EE5682 /* App */,
				30484FDE2D6E58DC00EE5682 /* Products */,
			);
			sourceTree = "<group>";
		};
		30484FDE2D6E58DC00EE5682 /* Products */ = {
			isa = PBXGroup;
			children = (
				30484FDD2D6E58DC00EE5682 /* App.app */,
			);
			name = Products;
			sourceTree = "<group>";
		};
		30484FEE2D6E58EA00EE5682 /* App */ = {
			isa = PBXGroup;
			children = (
				30484FE02D6E58DC00EE5682 /* App.swift */,
				30415C182D942CF4006A2135 /* Screens */,
				30415C172D942CD4006A2135 /* Views */,
				30415C162D942CB1006A2135 /* Models */,
				30484FE42D6E58DD00EE5682 /* Assets.xcassets */,
				30415C222D947531006A2135 /* Info.plist */,
				302494122DAD917D00101911 /* App.entitlements */,
			);
			path = App;
			sourceTree = "<group>";
		};
		309C11EC2F363FA900EFD143 /* Flow */ = {
			isa = PBXGroup;
			children = (
				309C11EA2F363FA900EFD143 /* HFlow.swift */,
				309C11EB2F363FA900EFD143 /* VFlow.swift */,
				309C11E42F363FA900EFD143 /* FlowLayout.swift */,
				309C11E52F363FA900EFD143 /* LineBreaking.swift */,
				309C11E62F363FA900EFD143 /* Size.swift */,
				309C11E92F363FA900EFD143 /* Extensions.swift */,
			);
			path = Flow;
			sourceTree = "<group>";
		};
		30EF6ED12F3B7A0F004DCF39 /* Samples */ = {
			isa = PBXGroup;
			children = (
				30EF6ECF2F3B79FD004DCF39 /* PalaminoSauce.swift */,
				30F6A0612F3E592C000CC7EF /* PizzaPasta.swift */,
				303982872F40C3B8002A3B55 /* ChorizoSoup.swift */,
				303982852F40C0B4002A3B55 /* CreamyItalianSausageDitalini.swift */,
				303982892F40C801002A3B55 /* ChorizoRiceSkillet.swift */,
				3039828B2F40D75F002A3B55 /* ShepardsPie.swift */,
				3039828D2F40D7F8002A3B55 /* CalabrianPasta.swift */,
				3039828F2F4276E1002A3B55 /* MozzarellaHerbChickenAndCouscous.swift */,
				30C72AF52F4A1D3A00694B1B /* SweetSoySalmonBowl.swift */,
			);
			path = Samples;
			sourceTree = "<group>";
		};
/* End PBXGroup section */

/* Begin PBXNativeTarget section */
		30484FDC2D6E58DC00EE5682 /* App */ = {
			isa = PBXNativeTarget;
			buildConfigurationList = 30484FEB2D6E58DD00EE5682 /* Build configuration list for PBXNativeTarget "App" */;
			buildPhases = (
				30484FD92D6E58DC00EE5682 /* Sources */,
				30484FDA2D6E58DC00EE5682 /* Frameworks */,
				30484FDB2D6E58DC00EE5682 /* Resources */,
			);
			buildRules = (
			);
			dependencies = (
			);
			name = App;
			packageProductDependencies = (
			);
			productName = "Recipe Book";
			productReference = 30484FDD2D6E58DC00EE5682 /* App.app */;
			productType = "com.apple.product-type.application";
		};
/* End PBXNativeTarget section */

/* Begin PBXProject section */
		30484FD52D6E58DC00EE5682 /* Project object */ = {
			isa = PBXProject;
			attributes = {
				BuildIndependentTargetsInParallel = 1;
				LastSwiftUpdateCheck = 1620;
				LastUpgradeCheck = 2600;
				TargetAttributes = {
					30484FDC2D6E58DC00EE5682 = {
						CreatedOnToolsVersion = 16.2;
					};
				};
			};
			buildConfigurationList = 30484FD82D6E58DC00EE5682 /* Build configuration list for PBXProject "Recipe Book" */;
			developmentRegion = en;
			hasScannedForEncodings = 0;
			knownRegions = (
				en,
				Base,
			);
			mainGroup = 30484FD42D6E58DC00EE5682;
			minimizedProjectReferenceProxies = 1;
			packageReferences = (
			);
			preferredProjectObjectVersion = 77;
			productRefGroup = 30484FDE2D6E58DC00EE5682 /* Products */;
			projectDirPath = "";
			projectRoot = "";
			targets = (
				30484FDC2D6E58DC00EE5682 /* App */,
			);
		};
/* End PBXProject section */

/* Begin PBXResourcesBuildPhase section */
		30484FDB2D6E58DC00EE5682 /* Resources */ = {
			isa = PBXResourcesBuildPhase;
			buildActionMask = 2147483647;
			files = (
				30484FE52D6E58DD00EE5682 /* Assets.xcassets in Resources */,
			);
			runOnlyForDeploymentPostprocessing = 0;
		};
/* End PBXResourcesBuildPhase section */

/* Begin PBXSourcesBuildPhase section */
		30484FD92D6E58DC00EE5682 /* Sources */ = {
			isa = PBXSourcesBuildPhase;
			buildActionMask = 2147483647;
			files = (
				3039828C2F40D75F002A3B55 /* ShepardsPie.swift in Sources */,
				303982862F40C0B4002A3B55 /* CreamyItalianSausageDitalini.swift in Sources */,
				30F6A0622F3E592C000CC7EF /* PizzaPasta.swift in Sources */,
				30484FE32D6E58DC00EE5682 /* EditRecipe.swift in Sources */,
				30EF6EC02F3A406B004DCF39 /* Ingredient.swift in Sources */,
				30C72AF62F4A1D3A00694B1B /* SweetSoySalmonBowl.swift in Sources */,
				3039828A2F40C801002A3B55 /* ChorizoRiceSkillet.swift in Sources */,
				30A124492F2D3D9B00AC99A0 /* FancyHeader.swift in Sources */,
				304852862D72558100EE5682 /* ViewRecipe.swift in Sources */,
				3039828E2F40D7F8002A3B55 /* CalabrianPasta.swift in Sources */,
				303982882F40C3B8002A3B55 /* ChorizoSoup.swift in Sources */,
				309C11ED2F363FA900EFD143 /* HFlow.swift in Sources */,
				30EF6EC82F3A87E6004DCF39 /* Extension.swift in Sources */,
				309C11EE2F363FA900EFD143 /* FlowLayout.swift in Sources */,
				309C11F02F363FA900EFD143 /* LineBreaking.swift in Sources */,
				309C11F12F363FA900EFD143 /* Size.swift in Sources */,
				309C11F22F363FA900EFD143 /* VFlow.swift in Sources */,
				309C11F32F363FA900EFD143 /* Extensions.swift in Sources */,
				30484FE12D6E58DC00EE5682 /* App.swift in Sources */,
				304852742D721C4A00EE5682 /* TextInputField.swift in Sources */,
				304852802D7242AA00EE5682 /* RecipeList.swift in Sources */,
				30484FF72D6E598900EE5682 /* Recipe.swift in Sources */,
				303982902F4276E1002A3B55 /* MozzarellaHerbChickenAndCouscous.swift in Sources */,
				30484FFF2D6F48B000EE5682 /* ImagePicker.swift in Sources */,
				3043AE452D7640F900BC3EB4 /* RecipePDFView.swift in Sources */,
				30EF6EC22F3A4080004DCF39 /* Step.swift in Sources */,
				30EF6EBE2F3A4047004DCF39 /* Section.swift in Sources */,
				30EF6EC42F3A874C004DCF39 /* Dashboard.swift in Sources */,
				30EF6ED02F3B79FD004DCF39 /* PalaminoSauce.swift in Sources */,
				F1D03AF4E578DD0682021FBD /* RecipeTimerManager.swift in Sources */,
			);
			runOnlyForDeploymentPostprocessing = 0;
		};
/* End PBXSourcesBuildPhase section */

/* Begin XCBuildConfiguration section */
		30484FE92D6E58DD00EE5682 /* Debug */ = {
			isa = XCBuildConfiguration;
			buildSettings = {
				ALWAYS_SEARCH_USER_PATHS = NO;
				ASSETCATALOG_COMPILER_GENERATE_SWIFT_ASSET_SYMBOL_EXTENSIONS = YES;
				CLANG_ANALYZER_NONNULL = YES;
				CLANG_ANALYZER_NUMBER_OBJECT_CONVERSION = YES_AGGRESSIVE;
				CLANG_CXX_LANGUAGE_STANDARD = "gnu++20";
				CLANG_ENABLE_MODULES = YES;
				CLANG_ENABLE_OBJC_ARC = YES;
				CLANG_ENABLE_OBJC_WEAK = YES;
				CLANG_WARN_BLOCK_CAPTURE_AUTORELEASING = YES;
				CLANG_WARN_BOOL_CONVERSION = YES;
				CLANG_WARN_COMMA = YES;
				CLANG_WARN_CONSTANT_CONVERSION = YES;
				CLANG_WARN_DEPRECATED_OBJC_IMPLEMENTATIONS = YES;
				CLANG_WARN_DIRECT_OBJC_ISA_USAGE = YES_ERROR;
				CLANG_WARN_DOCUMENTATION_COMMENTS = YES;
				CLANG_WARN_EMPTY_BODY = YES;
				CLANG_WARN_ENUM_CONVERSION = YES;
				CLANG_WARN_INFINITE_RECURSION = YES;
				CLANG_WARN_INT_CONVERSION = YES;
				CLANG_WARN_NON_LITERAL_NULL_CONVERSION = YES;
				CLANG_WARN_OBJC_IMPLICIT_RETAIN_SELF = YES;
				CLANG_WARN_OBJC_LITERAL_CONVERSION = YES;
				CLANG_WARN_OBJC_ROOT_CLASS = YES_ERROR;
				CLANG_WARN_QUOTED_INCLUDE_IN_FRAMEWORK_HEADER = YES;
				CLANG_WARN_RANGE_LOOP_ANALYSIS = YES;
				CLANG_WARN_STRICT_PROTOTYPES = YES;
				CLANG_WARN_SUSPICIOUS_MOVE = YES;
				CLANG_WARN_UNGUARDED_AVAILABILITY = YES_AGGRESSIVE;
				CLANG_WARN_UNREACHABLE_CODE = YES;
				CLANG_WARN__DUPLICATE_METHOD_MATCH = YES;
				COPY_PHASE_STRIP = NO;
				DEBUG_INFORMATION_FORMAT = dwarf;
				DEVELOPMENT_TEAM = JY83NY58JG;
				ENABLE_STRICT_OBJC_MSGSEND = YES;
				ENABLE_TESTABILITY = YES;
				ENABLE_USER_SCRIPT_SANDBOXING = YES;
				GCC_C_LANGUAGE_STANDARD = gnu17;
				GCC_DYNAMIC_NO_PIC = NO;
				GCC_NO_COMMON_BLOCKS = YES;
				GCC_OPTIMIZATION_LEVEL = 0;
				GCC_PREPROCESSOR_DEFINITIONS = (
					"DEBUG=1",
					"$(inherited)",
				);
				GCC_WARN_64_TO_32_BIT_CONVERSION = YES;
				GCC_WARN_ABOUT_RETURN_TYPE = YES_ERROR;
				GCC_WARN_UNDECLARED_SELECTOR = YES;
				GCC_WARN_UNINITIALIZED_AUTOS = YES_AGGRESSIVE;
				GCC_WARN_UNUSED_FUNCTION = YES;
				GCC_WARN_UNUSED_VARIABLE = YES;
				IPHONEOS_DEPLOYMENT_TARGET = 18.2;
				LOCALIZATION_PREFERS_STRING_CATALOGS = YES;
				MTL_ENABLE_DEBUG_INFO = INCLUDE_SOURCE;
				MTL_FAST_MATH = YES;
				ONLY_ACTIVE_ARCH = YES;
				SDKROOT = iphoneos;
				STRING_CATALOG_GENERATE_SYMBOLS = YES;
				SWIFT_ACTIVE_COMPILATION_CONDITIONS = "DEBUG $(inherited)";
				SWIFT_APPROACHABLE_CONCURRENCY = YES;
				SWIFT_DEFAULT_ACTOR_ISOLATION = MainActor;
				SWIFT_OPTIMIZATION_LEVEL = "-Onone";
				SWIFT_STRICT_CONCURRENCY = complete;
			};
			name = Debug;
		};
		30484FEA2D6E58DD00EE5682 /* Release */ = {
			isa = XCBuildConfiguration;
			buildSettings = {
				ALWAYS_SEARCH_USER_PATHS = NO;
				ASSETCATALOG_COMPILER_GENERATE_SWIFT_ASSET_SYMBOL_EXTENSIONS = YES;
				CLANG_ANALYZER_NONNULL = YES;
				CLANG_ANALYZER_NUMBER_OBJECT_CONVERSION = YES_AGGRESSIVE;
				CLANG_CXX_LANGUAGE_STANDARD = "gnu++20";
				CLANG_ENABLE_MODULES = YES;
				CLANG_ENABLE_OBJC_ARC = YES;
				CLANG_ENABLE_OBJC_WEAK = YES;
				CLANG_WARN_BLOCK_CAPTURE_AUTORELEASING = YES;
				CLANG_WARN_BOOL_CONVERSION = YES;
				CLANG_WARN_COMMA = YES;
				CLANG_WARN_CONSTANT_CONVERSION = YES;
				CLANG_WARN_DEPRECATED_OBJC_IMPLEMENTATIONS = YES;
				CLANG_WARN_DIRECT_OBJC_ISA_USAGE = YES_ERROR;
				CLANG_WARN_DOCUMENTATION_COMMENTS = YES;
				CLANG_WARN_EMPTY_BODY = YES;
				CLANG_WARN_ENUM_CONVERSION = YES;
				CLANG_WARN_INFINITE_RECURSION = YES;
				CLANG_WARN_INT_CONVERSION = YES;
				CLANG_WARN_NON_LITERAL_NULL_CONVERSION = YES;
				CLANG_WARN_OBJC_IMPLICIT_RETAIN_SELF = YES;
				CLANG_WARN_OBJC_LITERAL_CONVERSION = YES;
				CLANG_WARN_OBJC_ROOT_CLASS = YES_ERROR;
				CLANG_WARN_QUOTED_INCLUDE_IN_FRAMEWORK_HEADER = YES;
				CLANG_WARN_RANGE_LOOP_ANALYSIS = YES;
				CLANG_WARN_STRICT_PROTOTYPES = YES;
				CLANG_WARN_SUSPICIOUS_MOVE = YES;
				CLANG_WARN_UNGUARDED_AVAILABILITY = YES_AGGRESSIVE;
				CLANG_WARN_UNREACHABLE_CODE = YES;
				CLANG_WARN__DUPLICATE_METHOD_MATCH = YES;
				COPY_PHASE_STRIP = NO;
				DEBUG_INFORMATION_FORMAT = "dwarf-with-dsym";
				DEVELOPMENT_TEAM = JY83NY58JG;
				ENABLE_NS_ASSERTIONS = NO;
				ENABLE_STRICT_OBJC_MSGSEND = YES;
				ENABLE_USER_SCRIPT_SANDBOXING = YES;
				GCC_C_LANGUAGE_STANDARD = gnu17;
				GCC_NO_COMMON_BLOCKS = YES;
				GCC_WARN_64_TO_32_BIT_CONVERSION = YES;
				GCC_WARN_ABOUT_RETURN_TYPE = YES_ERROR;
				GCC_WARN_UNDECLARED_SELECTOR = YES;
				GCC_WARN_UNINITIALIZED_AUTOS = YES_AGGRESSIVE;
				GCC_WARN_UNUSED_FUNCTION = YES;
				GCC_WARN_UNUSED_VARIABLE = YES;
				IPHONEOS_DEPLOYMENT_TARGET = 18.2;
				LOCALIZATION_PREFERS_STRING_CATALOGS = YES;
				MTL_ENABLE_DEBUG_INFO = NO;
				MTL_FAST_MATH = YES;
				SDKROOT = iphoneos;
				STRING_CATALOG_GENERATE_SYMBOLS = YES;
				SWIFT_APPROACHABLE_CONCURRENCY = YES;
				SWIFT_COMPILATION_MODE = wholemodule;
				SWIFT_DEFAULT_ACTOR_ISOLATION = MainActor;
				SWIFT_STRICT_CONCURRENCY = complete;
				VALIDATE_PRODUCT = YES;
			};
			name = Release;
		};
		30484FEC2D6E58DD00EE5682 /* Debug */ = {
			isa = XCBuildConfiguration;
			buildSettings = {
				ASSETCATALOG_COMPILER_APPICON_NAME = AppIcon;
				ASSETCATALOG_COMPILER_GLOBAL_ACCENT_COLOR_NAME = AccentColor;
				CODE_SIGN_ENTITLEMENTS = App/App.entitlements;
				CODE_SIGN_STYLE = Automatic;
				CURRENT_PROJECT_VERSION = 1;
				DEVELOPMENT_ASSET_PATHS = "";
				ENABLE_PREVIEWS = YES;
				GENERATE_INFOPLIST_FILE = YES;
				INFOPLIST_FILE = App/Info.plist;
				INFOPLIST_KEY_CFBundleDisplayName = "Recipe Book";
				INFOPLIST_KEY_LSSupportsOpeningDocumentsInPlace = YES;
				INFOPLIST_KEY_UIApplicationSceneManifest_Generation = YES;
				INFOPLIST_KEY_UIApplicationSupportsIndirectInputEvents = YES;
				INFOPLIST_KEY_UILaunchScreen_Generation = YES;
				INFOPLIST_KEY_UISupportedInterfaceOrientations_iPad = "UIInterfaceOrientationPortrait UIInterfaceOrientationPortraitUpsideDown UIInterfaceOrientationLandscapeLeft UIInterfaceOrientationLandscapeRight";
				INFOPLIST_KEY_UISupportedInterfaceOrientations_iPhone = "UIInterfaceOrientationPortrait UIInterfaceOrientationLandscapeLeft UIInterfaceOrientationLandscapeRight";
				IPHONEOS_DEPLOYMENT_TARGET = 26.1;
				LD_RUNPATH_SEARCH_PATHS = (
					"$(inherited)",
					"@executable_path/Frameworks",
				);
				MARKETING_VERSION = 1.0;
				PRODUCT_BUNDLE_IDENTIFIER = "com.jmccloud.Recipe-Book";
				PRODUCT_NAME = "$(TARGET_NAME)";
				SWIFT_EMIT_LOC_STRINGS = YES;
				SWIFT_VERSION = 6.0;
				TARGETED_DEVICE_FAMILY = "1,2";
			};
			name = Debug;
		};
		30484FED2D6E58DD00EE5682 /* Release */ = {
			isa = XCBuildConfiguration;
			buildSettings = {
				ASSETCATALOG_COMPILER_APPICON_NAME = AppIcon;
				ASSETCATALOG_COMPILER_GLOBAL_ACCENT_COLOR_NAME = AccentColor;
				CODE_SIGN_ENTITLEMENTS = App/App.entitlements;
				CODE_SIGN_STYLE = Automatic;
				CURRENT_PROJECT_VERSION = 1;
				DEVELOPMENT_ASSET_PATHS = "";
				ENABLE_PREVIEWS = YES;
				GENERATE_INFOPLIST_FILE = YES;
				INFOPLIST_FILE = App/Info.plist;
				INFOPLIST_KEY_CFBundleDisplayName = "Recipe Book";
				INFOPLIST_KEY_LSSupportsOpeningDocumentsInPlace = YES;
				INFOPLIST_KEY_UIApplicationSceneManifest_Generation = YES;
				INFOPLIST_KEY_UIApplicationSupportsIndirectInputEvents = YES;
				INFOPLIST_KEY_UILaunchScreen_Generation = YES;
				INFOPLIST_KEY_UISupportedInterfaceOrientations_iPad = "UIInterfaceOrientationPortrait UIInterfaceOrientationPortraitUpsideDown UIInterfaceOrientationLandscapeLeft UIInterfaceOrientationLandscapeRight";
				INFOPLIST_KEY_UISupportedInterfaceOrientations_iPhone = "UIInterfaceOrientationPortrait UIInterfaceOrientationLandscapeLeft UIInterfaceOrientationLandscapeRight";
				IPHONEOS_DEPLOYMENT_TARGET = 26.1;
				LD_RUNPATH_SEARCH_PATHS = (
					"$(inherited)",
					"@executable_path/Frameworks",
				);
				MARKETING_VERSION = 1.0;
				PRODUCT_BUNDLE_IDENTIFIER = "com.jmccloud.Recipe-Book";
				PRODUCT_NAME = "$(TARGET_NAME)";
				SWIFT_EMIT_LOC_STRINGS = YES;
				SWIFT_VERSION = 6.0;
				TARGETED_DEVICE_FAMILY = "1,2";
			};
			name = Release;
		};
/* End XCBuildConfiguration section */

/* Begin XCConfigurationList section */
		30484FD82D6E58DC00EE5682 /* Build configuration list for PBXProject "Recipe Book" */ = {
			isa = XCConfigurationList;
			buildConfigurations = (
				30484FE92D6E58DD00EE5682 /* Debug */,
				30484FEA2D6E58DD00EE5682 /* Release */,
			);
			defaultConfigurationIsVisible = 0;
			defaultConfigurationName = Release;
		};
		30484FEB2D6E58DD00EE5682 /* Build configuration list for PBXNativeTarget "App" */ = {
			isa = XCConfigurationList;
			buildConfigurations = (
				30484FEC2D6E58DD00EE5682 /* Debug */,
				30484FED2D6E58DD00EE5682 /* Release */,
			);
			defaultConfigurationIsVisible = 0;
			defaultConfigurationName = Release;
		};
/* End XCConfigurationList section */
	};
	rootObject = 30484FD52D6E58DC00EE5682 /* Project object */;
}
